
Microsoft Visual Studio Solution File, Format Version 12.00
# Visual Studio Version 17
VisualStudioVersion = 17.3.32811.315
MinimumVisualStudioVersion = 10.0.40219.1
Project("{FAE04EC0-301F-11D3-BF4B-00C04F79EFBC}") = "WebApplication1", "WebApplication1.csproj", "{82535FD7-A317-4981-BCED-548EB183F07C}"
EndProject
Global
	GlobalSection(SolutionConfigurationPlatforms) = preSolution
		Debug|Any CPU = Debug|Any CPU
		Release|Any CPU = Release|Any CPU
	EndGlobalSection
	GlobalSection(ProjectConfigurationPlatforms) = postSolution
		{82535FD7-A317-4981-BCED-548EB183F07C}.Debug|Any CPU.ActiveCfg = Debug|Any CPU
		{82535FD7-A317-4981-BCED-548EB183F07C}.Debug|Any CPU.Build.0 = Debug|Any CPU
		{82535FD7-A317-4981-BCED-548EB183F07C}.Release|Any CPU.ActiveCfg = Release|Any CPU
		{82535FD7-A317-4981-BCED-548EB183F07C}.Release|Any CPU.Build.0 = Release|Any CPU
	EndGlobalSection
	GlobalSection(SolutionProperties) = preSolution
		HideSolutionNode = FALSE
	EndGlobalSection
	GlobalSection(ExtensibilityGlobals) = postSolution
		SolutionGuid = {8B928BF2-2E98-4EA0-BE02-248A9EE07906}
	EndGlobalSection
EndGlobal
