
Microsoft Visual Studio Solution File, Format Version 12.00
# Visual Studio Version 17
VisualStudioVersion = 17.3.32811.315
MinimumVisualStudioVersion = 10.0.40219.1
Project("{FAE04EC0-301F-11D3-BF4B-00C04F79EFBC}") = "serviceproviderform", "serviceproviderform\serviceproviderform.csproj", "{46044974-2BD0-456E-BD8D-1CA079FCCF72}"
EndProject
Global
	GlobalSection(SolutionConfigurationPlatforms) = preSolution
		Debug|Any CPU = Debug|Any CPU
		Release|Any CPU = Release|Any CPU
	EndGlobalSection
	GlobalSection(ProjectConfigurationPlatforms) = postSolution
		{46044974-2BD0-456E-BD8D-1CA079FCCF72}.Debug|Any CPU.ActiveCfg = Debug|Any CPU
		{46044974-2BD0-456E-BD8D-1CA079FCCF72}.Debug|Any CPU.Build.0 = Debug|Any CPU
		{46044974-2BD0-456E-BD8D-1CA079FCCF72}.Release|Any CPU.ActiveCfg = Release|Any CPU
		{46044974-2BD0-456E-BD8D-1CA079FCCF72}.Release|Any CPU.Build.0 = Release|Any CPU
	EndGlobalSection
	GlobalSection(SolutionProperties) = preSolution
		HideSolutionNode = FALSE
	EndGlobalSection
	GlobalSection(ExtensibilityGlobals) = postSolution
		SolutionGuid = {EC740FEA-2507-4CEB-9EB6-82A25EA8CB4E}
	EndGlobalSection
EndGlobal
