
Microsoft Visual Studio Solution File, Format Version 12.00
# Visual Studio Version 17
VisualStudioVersion = 17.3.32811.315
MinimumVisualStudioVersion = 10.0.40219.1
Project("{FAE04EC0-301F-11D3-BF4B-00C04F79EFBC}") = "TestIPLMatches", "TestIPLMatches\TestIPLMatches.csproj", "{0DDC08A5-2518-44F6-8158-AF52C03E00F0}"
EndProject
Global
	GlobalSection(SolutionConfigurationPlatforms) = preSolution
		Debug|Any CPU = Debug|Any CPU
		Release|Any CPU = Release|Any CPU
	EndGlobalSection
	GlobalSection(ProjectConfigurationPlatforms) = postSolution
		{0DDC08A5-2518-44F6-8158-AF52C03E00F0}.Debug|Any CPU.ActiveCfg = Debug|Any CPU
		{0DDC08A5-2518-44F6-8158-AF52C03E00F0}.Debug|Any CPU.Build.0 = Debug|Any CPU
		{0DDC08A5-2518-44F6-8158-AF52C03E00F0}.Release|Any CPU.ActiveCfg = Release|Any CPU
		{0DDC08A5-2518-44F6-8158-AF52C03E00F0}.Release|Any CPU.Build.0 = Release|Any CPU
	EndGlobalSection
	GlobalSection(SolutionProperties) = preSolution
		HideSolutionNode = FALSE
	EndGlobalSection
	GlobalSection(ExtensibilityGlobals) = postSolution
		SolutionGuid = {E07EE281-CEEB-4054-B932-0F92674FCD83}
	EndGlobalSection
EndGlobal
