
Microsoft Visual Studio Solution File, Format Version 12.00
# Visual Studio Version 17
VisualStudioVersion = 17.3.32811.315
MinimumVisualStudioVersion = 10.0.40219.1
Project("{FAE04EC0-301F-11D3-BF4B-00C04F79EFBC}") = "LINQ", "LINQ\LINQ.csproj", "{40BB382B-0287-4981-A6FE-A2D16B05DB4A}"
EndProject
Global
	GlobalSection(SolutionConfigurationPlatforms) = preSolution
		Debug|Any CPU = Debug|Any CPU
		Release|Any CPU = Release|Any CPU
	EndGlobalSection
	GlobalSection(ProjectConfigurationPlatforms) = postSolution
		{40BB382B-0287-4981-A6FE-A2D16B05DB4A}.Debug|Any CPU.ActiveCfg = Debug|Any CPU
		{40BB382B-0287-4981-A6FE-A2D16B05DB4A}.Debug|Any CPU.Build.0 = Debug|Any CPU
		{40BB382B-0287-4981-A6FE-A2D16B05DB4A}.Release|Any CPU.ActiveCfg = Release|Any CPU
		{40BB382B-0287-4981-A6FE-A2D16B05DB4A}.Release|Any CPU.Build.0 = Release|Any CPU
	EndGlobalSection
	GlobalSection(SolutionProperties) = preSolution
		HideSolutionNode = FALSE
	EndGlobalSection
	GlobalSection(ExtensibilityGlobals) = postSolution
		SolutionGuid = {7AD23926-D385-40F3-A49C-3D847CCA1587}
	EndGlobalSection
EndGlobal
