
Microsoft Visual Studio Solution File, Format Version 12.00
# Visual Studio Version 17
VisualStudioVersion = 17.3.32811.315
MinimumVisualStudioVersion = 10.0.40219.1
Project("{FAE04EC0-301F-11D3-BF4B-00C04F79EFBC}") = "Ecom", "Ecom\Ecom.csproj", "{16DF1A67-453D-48B3-892D-08BD21E5BB68}"
EndProject
Global
	GlobalSection(SolutionConfigurationPlatforms) = preSolution
		Debug|Any CPU = Debug|Any CPU
		Release|Any CPU = Release|Any CPU
	EndGlobalSection
	GlobalSection(ProjectConfigurationPlatforms) = postSolution
		{16DF1A67-453D-48B3-892D-08BD21E5BB68}.Debug|Any CPU.ActiveCfg = Debug|Any CPU
		{16DF1A67-453D-48B3-892D-08BD21E5BB68}.Debug|Any CPU.Build.0 = Debug|Any CPU
		{16DF1A67-453D-48B3-892D-08BD21E5BB68}.Release|Any CPU.ActiveCfg = Release|Any CPU
		{16DF1A67-453D-48B3-892D-08BD21E5BB68}.Release|Any CPU.Build.0 = Release|Any CPU
	EndGlobalSection
	GlobalSection(SolutionProperties) = preSolution
		HideSolutionNode = FALSE
	EndGlobalSection
	GlobalSection(ExtensibilityGlobals) = postSolution
		SolutionGuid = {3420ADF3-5AEF-4801-BA18-7E693874B601}
	EndGlobalSection
EndGlobal
